// !$*UTF8*$!
{
	archiveVersion = 1;
	classes = {
	};
	objectVersion = 46;
	objects = {

/* Begin PBXBuildFile section */
		BF59DB711D5EAEE50035F80B /* main.m in Sources */ = {isa = PBXBuildFile; fileRef = BF59DB701D5EAEE50035F80B /* main.m */; };
		BF59DB741D5EAEE50035F80B /* AppDelegate.m in Sources */ = {isa = PBXBuildFile; fileRef = BF59DB731D5EAEE50035F80B /* AppDelegate.m */; };
		BF59DB771D5EAEE50035F80B /* ViewController.m in Sources */ = {isa = PBXBuildFile; fileRef = BF59DB761D5EAEE50035F80B /* ViewController.m */; };
		BF59DB7A1D5EAEE50035F80B /* Main.storyboard in Resources */ = {isa = PBXBuildFile; fileRef = BF59DB781D5EAEE50035F80B /* Main.storyboard */; };
		BF59DB7C1D5EAEE50035F80B /* Assets.xcassets in Resources */ = {isa = PBXBuildFile; fileRef = BF59DB7B1D5EAEE50035F80B /* Assets.xcassets */; };
		BF59DB7F1D5EAEE50035F80B /* LaunchScreen.storyboard in Resources */ = {isa = PBXBuildFile; fileRef = BF59DB7D1D5EAEE50035F80B /* LaunchScreen.storyboard */; };
		BF59DB8E1D5EB5210035F80B /* main.m in Sources */ = {isa = PBXBuildFile; fileRef = BF59DB8D1D5EB5210035F80B /* main.m */; };
		BF59DB911D5EB5210035F80B /* AppDelegate.m in Sources */ = {isa = PBXBuildFile; fileRef = BF59DB901D5EB5210035F80B /* AppDelegate.m */; };
		BF59DB941D5EB5210035F80B /* ViewController.m in Sources */ = {isa = PBXBuildFile; fileRef = BF59DB931D5EB5210035F80B /* ViewController.m */; };
		BF59DB971D5EB5210035F80B /* Main.storyboard in Resources */ = {isa = PBXBuildFile; fileRef = BF59DB951D5EB5210035F80B /* Main.storyboard */; };
		BF59DB991D5EB5210035F80B /* Assets.xcassets in Resources */ = {isa = PBXBuildFile; fileRef = BF59DB981D5EB5210035F80B /* Assets.xcassets */; };
		BF59DB9C1D5EB5210035F80B /* LaunchScreen.storyboard in Resources */ = {isa = PBXBuildFile; fileRef = BF59DB9A1D5EB5210035F80B /* LaunchScreen.storyboard */; };
		BF59DBA91D6056A00035F80B /* main.m in Sources */ = {isa = PBXBuildFile; fileRef = BF59DBA81D6056A00035F80B /* main.m */; };
		BF59DBAC1D6056A00035F80B /* AppDelegate.m in Sources */ = {isa = PBXBuildFile; fileRef = BF59DBAB1D6056A00035F80B /* AppDelegate.m */; };
		BF59DBAF1D6056A00035F80B /* ViewController.m in Sources */ = {isa = PBXBuildFile; fileRef = BF59DBAE1D6056A00035F80B /* ViewController.m */; };
		BF59DBB21D6056A00035F80B /* Main.storyboard in Resources */ = {isa = PBXBuildFile; fileRef = BF59DBB01D6056A00035F80B /* Main.storyboard */; };
		BF59DBB41D6056A00035F80B /* Assets.xcassets in Resources */ = {isa = PBXBuildFile; fileRef = BF59DBB31D6056A00035F80B /* Assets.xcassets */; };
		BF59DBB71D6056A00035F80B /* LaunchScreen.storyboard in Resources */ = {isa = PBXBuildFile; fileRef = BF59DBB51D6056A00035F80B /* LaunchScreen.storyboard */; };
		BF59DBDF1D60584F0035F80B /* main.m in Sources */ = {isa = PBXBuildFile; fileRef = BF59DBDE1D60584F0035F80B /* main.m */; };
		BF59DBE21D60584F0035F80B /* AppDelegate.m in Sources */ = {isa = PBXBuildFile; fileRef = BF59DBE11D60584F0035F80B /* AppDelegate.m */; };
		BF59DBE51D60584F0035F80B /* ViewController.m in Sources */ = {isa = PBXBuildFile; fileRef = BF59DBE41D60584F0035F80B /* ViewController.m */; };
		BF59DBE81D60584F0035F80B /* Main.storyboard in Resources */ = {isa = PBXBuildFile; fileRef = BF59DBE61D60584F0035F80B /* Main.storyboard */; };
		BF59DBEA1D60584F0035F80B /* Assets.xcassets in Resources */ = {isa = PBXBuildFile; fileRef = BF59DBE91D60584F0035F80B /* Assets.xcassets */; };
		BF59DBED1D60584F0035F80B /* LaunchScreen.storyboard in Resources */ = {isa = PBXBuildFile; fileRef = BF59DBEB1D60584F0035F80B /* LaunchScreen.storyboard */; };
		BF59DBFD1D605C5B0035F80B /* main.m in Sources */ = {isa = PBXBuildFile; fileRef = BF59DBFC1D605C5B0035F80B /* main.m */; };
		BF59DC001D605C5B0035F80B /* AppDelegate.m in Sources */ = {isa = PBXBuildFile; fileRef = BF59DBFF1D605C5B0035F80B /* AppDelegate.m */; };
		BF59DC031D605C5B0035F80B /* ViewController.m in Sources */ = {isa = PBXBuildFile; fileRef = BF59DC021D605C5B0035F80B /* ViewController.m */; };
		BF59DC061D605C5B0035F80B /* Main.storyboard in Resources */ = {isa = PBXBuildFile; fileRef = BF59DC041D605C5B0035F80B /* Main.storyboard */; };
		BF59DC081D605C5B0035F80B /* Assets.xcassets in Resources */ = {isa = PBXBuildFile; fileRef = BF59DC071D605C5B0035F80B /* Assets.xcassets */; };
		BF59DC0B1D605C5B0035F80B /* LaunchScreen.storyboard in Resources */ = {isa = PBXBuildFile; fileRef = BF59DC091D605C5B0035F80B /* LaunchScreen.storyboard */; };
/* End PBXBuildFile section */

/* Begin PBXFileReference section */
		BF59DB6C1D5EAEE50035F80B /* RunLoopExample.app */ = {isa = PBXFileReference; explicitFileType = wrapper.application; includeInIndex = 0; path = RunLoopExample.app; sourceTree = BUILT_PRODUCTS_DIR; };
		BF59DB701D5EAEE50035F80B /* main.m */ = {isa = PBXFileReference; lastKnownFileType = sourcecode.c.objc; path = main.m; sourceTree = "<group>"; };
		BF59DB721D5EAEE50035F80B /* AppDelegate.h */ = {isa = PBXFileReference; lastKnownFileType = sourcecode.c.h; path = AppDelegate.h; sourceTree = "<group>"; };
		BF59DB731D5EAEE50035F80B /* AppDelegate.m */ = {isa = PBXFileReference; lastKnownFileType = sourcecode.c.objc; path = AppDelegate.m; sourceTree = "<group>"; };
		BF59DB751D5EAEE50035F80B /* ViewController.h */ = {isa = PBXFileReference; lastKnownFileType = sourcecode.c.h; path = ViewController.h; sourceTree = "<group>"; };
		BF59DB761D5EAEE50035F80B /* ViewController.m */ = {isa = PBXFileReference; lastKnownFileType = sourcecode.c.objc; path = ViewController.m; sourceTree = "<group>"; };
		BF59DB791D5EAEE50035F80B /* Base */ = {isa = PBXFileReference; lastKnownFileType = file.storyboard; name = Base; path = Base.lproj/Main.storyboard; sourceTree = "<group>"; };
		BF59DB7B1D5EAEE50035F80B /* Assets.xcassets */ = {isa = PBXFileReference; lastKnownFileType = folder.assetcatalog; path = Assets.xcassets; sourceTree = "<group>"; };
		BF59DB7E1D5EAEE50035F80B /* Base */ = {isa = PBXFileReference; lastKnownFileType = file.storyboard; name = Base; path = Base.lproj/LaunchScreen.storyboard; sourceTree = "<group>"; };
		BF59DB801D5EAEE50035F80B /* Info.plist */ = {isa = PBXFileReference; lastKnownFileType = text.plist.xml; path = Info.plist; sourceTree = "<group>"; };
		BF59DB8A1D5EB5210035F80B /* 01_RunLoop相关类.app */ = {isa = PBXFileReference; explicitFileType = wrapper.application; includeInIndex = 0; path = "01_RunLoop相关类.app"; sourceTree = BUILT_PRODUCTS_DIR; };
		BF59DB8D1D5EB5210035F80B /* main.m */ = {isa = PBXFileReference; lastKnownFileType = sourcecode.c.objc; path = main.m; sourceTree = "<group>"; };
		BF59DB8F1D5EB5210035F80B /* AppDelegate.h */ = {isa = PBXFileReference; lastKnownFileType = sourcecode.c.h; path = AppDelegate.h; sourceTree = "<group>"; };
		BF59DB901D5EB5210035F80B /* AppDelegate.m */ = {isa = PBXFileReference; lastKnownFileType = sourcecode.c.objc; path = AppDelegate.m; sourceTree = "<group>"; };
		BF59DB921D5EB5210035F80B /* ViewController.h */ = {isa = PBXFileReference; lastKnownFileType = sourcecode.c.h; path = ViewController.h; sourceTree = "<group>"; };
		BF59DB931D5EB5210035F80B /* ViewController.m */ = {isa = PBXFileReference; lastKnownFileType = sourcecode.c.objc; path = ViewController.m; sourceTree = "<group>"; };
		BF59DB961D5EB5210035F80B /* Base */ = {isa = PBXFileReference; lastKnownFileType = file.storyboard; name = Base; path = Base.lproj/Main.storyboard; sourceTree = "<group>"; };
		BF59DB981D5EB5210035F80B /* Assets.xcassets */ = {isa = PBXFileReference; lastKnownFileType = folder.assetcatalog; path = Assets.xcassets; sourceTree = "<group>"; };
		BF59DB9B1D5EB5210035F80B /* Base */ = {isa = PBXFileReference; lastKnownFileType = file.storyboard; name = Base; path = Base.lproj/LaunchScreen.storyboard; sourceTree = "<group>"; };
		BF59DB9D1D5EB5210035F80B /* Info.plist */ = {isa = PBXFileReference; lastKnownFileType = text.plist.xml; path = Info.plist; sourceTree = "<group>"; };
		BF59DBA51D6056A00035F80B /* 02_GCD中的定时器.app */ = {isa = PBXFileReference; explicitFileType = wrapper.application; includeInIndex = 0; path = "02_GCD中的定时器.app"; sourceTree = BUILT_PRODUCTS_DIR; };
		BF59DBA81D6056A00035F80B /* main.m */ = {isa = PBXFileReference; lastKnownFileType = sourcecode.c.objc; path = main.m; sourceTree = "<group>"; };
		BF59DBAA1D6056A00035F80B /* AppDelegate.h */ = {isa = PBXFileReference; lastKnownFileType = sourcecode.c.h; path = AppDelegate.h; sourceTree = "<group>"; };
		BF59DBAB1D6056A00035F80B /* AppDelegate.m */ = {isa = PBXFileReference; lastKnownFileType = sourcecode.c.objc; path = AppDelegate.m; sourceTree = "<group>"; };
		BF59DBAD1D6056A00035F80B /* ViewController.h */ = {isa = PBXFileReference; lastKnownFileType = sourcecode.c.h; path = ViewController.h; sourceTree = "<group>"; };
		BF59DBAE1D6056A00035F80B /* ViewController.m */ = {isa = PBXFileReference; lastKnownFileType = sourcecode.c.objc; path = ViewController.m; sourceTree = "<group>"; };
		BF59DBB11D6056A00035F80B /* Base */ = {isa = PBXFileReference; lastKnownFileType = file.storyboard; name = Base; path = Base.lproj/Main.storyboard; sourceTree = "<group>"; };
		BF59DBB31D6056A00035F80B /* Assets.xcassets */ = {isa = PBXFileReference; lastKnownFileType = folder.assetcatalog; path = Assets.xcassets; sourceTree = "<group>"; };
		BF59DBB61D6056A00035F80B /* Base */ = {isa = PBXFileReference; lastKnownFileType = file.storyboard; name = Base; path = Base.lproj/LaunchScreen.storyboard; sourceTree = "<group>"; };
		BF59DBB81D6056A00035F80B /* Info.plist */ = {isa = PBXFileReference; lastKnownFileType = text.plist.xml; path = Info.plist; sourceTree = "<group>"; };
		BF59DBDB1D60584F0035F80B /* 03_source和Observer.app */ = {isa = PBXFileReference; explicitFileType = wrapper.application; includeInIndex = 0; path = "03_source和Observer.app"; sourceTree = BUILT_PRODUCTS_DIR; };
		BF59DBDE1D60584F0035F80B /* main.m */ = {isa = PBXFileReference; lastKnownFileType = sourcecode.c.objc; path = main.m; sourceTree = "<group>"; };
		BF59DBE01D60584F0035F80B /* AppDelegate.h */ = {isa = PBXFileReference; lastKnownFileType = sourcecode.c.h; path = AppDelegate.h; sourceTree = "<group>"; };
		BF59DBE11D60584F0035F80B /* AppDelegate.m */ = {isa = PBXFileReference; lastKnownFileType = sourcecode.c.objc; path = AppDelegate.m; sourceTree = "<group>"; };
		BF59DBE31D60584F0035F80B /* ViewController.h */ = {isa = PBXFileReference; lastKnownFileType = sourcecode.c.h; path = ViewController.h; sourceTree = "<group>"; };
		BF59DBE41D60584F0035F80B /* ViewController.m */ = {isa = PBXFileReference; lastKnownFileType = sourcecode.c.objc; path = ViewController.m; sourceTree = "<group>"; };
		BF59DBE71D60584F0035F80B /* Base */ = {isa = PBXFileReference; lastKnownFileType = file.storyboard; name = Base; path = Base.lproj/Main.storyboard; sourceTree = "<group>"; };
		BF59DBE91D60584F0035F80B /* Assets.xcassets */ = {isa = PBXFileReference; lastKnownFileType = folder.assetcatalog; path = Assets.xcassets; sourceTree = "<group>"; };
		BF59DBEC1D60584F0035F80B /* Base */ = {isa = PBXFileReference; lastKnownFileType = file.storyboard; name = Base; path = Base.lproj/LaunchScreen.storyboard; sourceTree = "<group>"; };
		BF59DBEE1D60584F0035F80B /* Info.plist */ = {isa = PBXFileReference; lastKnownFileType = text.plist.xml; path = Info.plist; sourceTree = "<group>"; };
		BF59DBF91D605C5B0035F80B /* 04_RunLoop线程保活.app */ = {isa = PBXFileReference; explicitFileType = wrapper.application; includeInIndex = 0; path = "04_RunLoop线程保活.app"; sourceTree = BUILT_PRODUCTS_DIR; };
		BF59DBFC1D605C5B0035F80B /* main.m */ = {isa = PBXFileReference; lastKnownFileType = sourcecode.c.objc; path = main.m; sourceTree = "<group>"; };
		BF59DBFE1D605C5B0035F80B /* AppDelegate.h */ = {isa = PBXFileReference; lastKnownFileType = sourcecode.c.h; path = AppDelegate.h; sourceTree = "<group>"; };
		BF59DBFF1D605C5B0035F80B /* AppDelegate.m */ = {isa = PBXFileReference; lastKnownFileType = sourcecode.c.objc; path = AppDelegate.m; sourceTree = "<group>"; };
		BF59DC011D605C5B0035F80B /* ViewController.h */ = {isa = PBXFileReference; lastKnownFileType = sourcecode.c.h; path = ViewController.h; sourceTree = "<group>"; };
		BF59DC021D605C5B0035F80B /* ViewController.m */ = {isa = PBXFileReference; lastKnownFileType = sourcecode.c.objc; path = ViewController.m; sourceTree = "<group>"; };
		BF59DC051D605C5B0035F80B /* Base */ = {isa = PBXFileReference; lastKnownFileType = file.storyboard; name = Base; path = Base.lproj/Main.storyboard; sourceTree = "<group>"; };
		BF59DC071D605C5B0035F80B /* Assets.xcassets */ = {isa = PBXFileReference; lastKnownFileType = folder.assetcatalog; path = Assets.xcassets; sourceTree = "<group>"; };
		BF59DC0A1D605C5B0035F80B /* Base */ = {isa = PBXFileReference; lastKnownFileType = file.storyboard; name = Base; path = Base.lproj/LaunchScreen.storyboard; sourceTree = "<group>"; };
		BF59DC0C1D605C5B0035F80B /* Info.plist */ = {isa = PBXFileReference; lastKnownFileType = text.plist.xml; path = Info.plist; sourceTree = "<group>"; };
/* End PBXFileReference section */

/* Begin PBXFrameworksBuildPhase section */
		BF59DB691D5EAEE50035F80B /* Frameworks */ = {
			isa = PBXFrameworksBuildPhase;
			buildActionMask = 2147483647;
			files = (
			);
			runOnlyForDeploymentPostprocessing = 0;
		};
		BF59DB871D5EB5210035F80B /* Frameworks */ = {
			isa = PBXFrameworksBuildPhase;
			buildActionMask = 2147483647;
			files = (
			);
			runOnlyForDeploymentPostprocessing = 0;
		};
		BF59DBA21D6056A00035F80B /* Frameworks */ = {
			isa = PBXFrameworksBuildPhase;
			buildActionMask = 2147483647;
			files = (
			);
			runOnlyForDeploymentPostprocessing = 0;
		};
		BF59DBD81D60584F0035F80B /* Frameworks */ = {
			isa = PBXFrameworksBuildPhase;
			buildActionMask = 2147483647;
			files = (
			);
			runOnlyForDeploymentPostprocessing = 0;
		};
		BF59DBF61D605C5B0035F80B /* Frameworks */ = {
			isa = PBXFrameworksBuildPhase;
			buildActionMask = 2147483647;
			files = (
			);
			runOnlyForDeploymentPostprocessing = 0;
		};
/* End PBXFrameworksBuildPhase section */

/* Begin PBXGroup section */
		BF59DB631D5EAEE50035F80B = {
			isa = PBXGroup;
			children = (
				BF59DB6E1D5EAEE50035F80B /* 00_RunLoop简单使用 */,
				BF59DB8B1D5EB5210035F80B /* 01_RunLoop相关类 */,
				BF59DBA61D6056A00035F80B /* 02_GCD中的定时器 */,
				BF59DBDC1D60584F0035F80B /* 03_source和Observer */,
				BF59DBFA1D605C5B0035F80B /* 04_RunLoop线程保活 */,
				BF59DB6D1D5EAEE50035F80B /* Products */,
			);
			sourceTree = "<group>";
		};
		BF59DB6D1D5EAEE50035F80B /* Products */ = {
			isa = PBXGroup;
			children = (
				BF59DB6C1D5EAEE50035F80B /* RunLoopExample.app */,
				BF59DB8A1D5EB5210035F80B /* 01_RunLoop相关类.app */,
				BF59DBA51D6056A00035F80B /* 02_GCD中的定时器.app */,
				BF59DBDB1D60584F0035F80B /* 03_source和Observer.app */,
				BF59DBF91D605C5B0035F80B /* 04_RunLoop线程保活.app */,
			);
			name = Products;
			sourceTree = "<group>";
		};
		BF59DB6E1D5EAEE50035F80B /* 00_RunLoop简单使用 */ = {
			isa = PBXGroup;
			children = (
				BF59DB721D5EAEE50035F80B /* AppDelegate.h */,
				BF59DB731D5EAEE50035F80B /* AppDelegate.m */,
				BF59DB751D5EAEE50035F80B /* ViewController.h */,
				BF59DB761D5EAEE50035F80B /* ViewController.m */,
				BF59DB781D5EAEE50035F80B /* Main.storyboard */,
				BF59DB7B1D5EAEE50035F80B /* Assets.xcassets */,
				BF59DB7D1D5EAEE50035F80B /* LaunchScreen.storyboard */,
				BF59DB801D5EAEE50035F80B /* Info.plist */,
				BF59DB6F1D5EAEE50035F80B /* Supporting Files */,
			);
			name = "00_RunLoop简单使用";
			path = RunLoopExample;
			sourceTree = "<group>";
		};
		BF59DB6F1D5EAEE50035F80B /* Supporting Files */ = {
			isa = PBXGroup;
			children = (
				BF59DB701D5EAEE50035F80B /* main.m */,
			);
			name = "Supporting Files";
			sourceTree = "<group>";
		};
		BF59DB8B1D5EB5210035F80B /* 01_RunLoop相关类 */ = {
			isa = PBXGroup;
			children = (
				BF59DB8F1D5EB5210035F80B /* AppDelegate.h */,
				BF59DB901D5EB5210035F80B /* AppDelegate.m */,
				BF59DB921D5EB5210035F80B /* ViewController.h */,
				BF59DB931D5EB5210035F80B /* ViewController.m */,
				BF59DB951D5EB5210035F80B /* Main.storyboard */,
				BF59DB981D5EB5210035F80B /* Assets.xcassets */,
				BF59DB9A1D5EB5210035F80B /* LaunchScreen.storyboard */,
				BF59DB9D1D5EB5210035F80B /* Info.plist */,
				BF59DB8C1D5EB5210035F80B /* Supporting Files */,
			);
			path = "01_RunLoop相关类";
			sourceTree = "<group>";
		};
		BF59DB8C1D5EB5210035F80B /* Supporting Files */ = {
			isa = PBXGroup;
			children = (
				BF59DB8D1D5EB5210035F80B /* main.m */,
			);
			name = "Supporting Files";
			sourceTree = "<group>";
		};
		BF59DBA61D6056A00035F80B /* 02_GCD中的定时器 */ = {
			isa = PBXGroup;
			children = (
				BF59DBAA1D6056A00035F80B /* AppDelegate.h */,
				BF59DBAB1D6056A00035F80B /* AppDelegate.m */,
				BF59DBAD1D6056A00035F80B /* ViewController.h */,
				BF59DBAE1D6056A00035F80B /* ViewController.m */,
				BF59DBB01D6056A00035F80B /* Main.storyboard */,
				BF59DBB31D6056A00035F80B /* Assets.xcassets */,
				BF59DBB51D6056A00035F80B /* LaunchScreen.storyboard */,
				BF59DBB81D6056A00035F80B /* Info.plist */,
				BF59DBA71D6056A00035F80B /* Supporting Files */,
			);
			path = "02_GCD中的定时器";
			sourceTree = "<group>";
		};
		BF59DBA71D6056A00035F80B /* Supporting Files */ = {
			isa = PBXGroup;
			children = (
				BF59DBA81D6056A00035F80B /* main.m */,
			);
			name = "Supporting Files";
			sourceTree = "<group>";
		};
		BF59DBDC1D60584F0035F80B /* 03_source和Observer */ = {
			isa = PBXGroup;
			children = (
				BF59DBE01D60584F0035F80B /* AppDelegate.h */,
				BF59DBE11D60584F0035F80B /* AppDelegate.m */,
				BF59DBE31D60584F0035F80B /* ViewController.h */,
				BF59DBE41D60584F0035F80B /* ViewController.m */,
				BF59DBE61D60584F0035F80B /* Main.storyboard */,
				BF59DBE91D60584F0035F80B /* Assets.xcassets */,
				BF59DBEB1D60584F0035F80B /* LaunchScreen.storyboard */,
				BF59DBEE1D60584F0035F80B /* Info.plist */,
				BF59DBDD1D60584F0035F80B /* Supporting Files */,
			);
			path = "03_source和Observer";
			sourceTree = "<group>";
		};
		BF59DBDD1D60584F0035F80B /* Supporting Files */ = {
			isa = PBXGroup;
			children = (
				BF59DBDE1D60584F0035F80B /* main.m */,
			);
			name = "Supporting Files";
			sourceTree = "<group>";
		};
		BF59DBFA1D605C5B0035F80B /* 04_RunLoop线程保活 */ = {
			isa = PBXGroup;
			children = (
				BF59DBFE1D605C5B0035F80B /* AppDelegate.h */,
				BF59DBFF1D605C5B0035F80B /* AppDelegate.m */,
				BF59DC011D605C5B0035F80B /* ViewController.h */,
				BF59DC021D605C5B0035F80B /* ViewController.m */,
				BF59DC041D605C5B0035F80B /* Main.storyboard */,
				BF59DC071D605C5B0035F80B /* Assets.xcassets */,
				BF59DC091D605C5B0035F80B /* LaunchScreen.storyboard */,
				BF59DC0C1D605C5B0035F80B /* Info.plist */,
				BF59DBFB1D605C5B0035F80B /* Supporting Files */,
			);
			path = "04_RunLoop线程保活";
			sourceTree = "<group>";
		};
		BF59DBFB1D605C5B0035F80B /* Supporting Files */ = {
			isa = PBXGroup;
			children = (
				BF59DBFC1D605C5B0035F80B /* main.m */,
			);
			name = "Supporting Files";
			sourceTree = "<group>";
		};
/* End PBXGroup section */

/* Begin PBXNativeTarget section */
		BF59DB6B1D5EAEE50035F80B /* RunLoopExample */ = {
			isa = PBXNativeTarget;
			buildConfigurationList = BF59DB831D5EAEE50035F80B /* Build configuration list for PBXNativeTarget "RunLoopExample" */;
			buildPhases = (
				BF59DB681D5EAEE50035F80B /* Sources */,
				BF59DB691D5EAEE50035F80B /* Frameworks */,
				BF59DB6A1D5EAEE50035F80B /* Resources */,
			);
			buildRules = (
			);
			dependencies = (
			);
			name = RunLoopExample;
			productName = RunLoopExample;
			productReference = BF59DB6C1D5EAEE50035F80B /* RunLoopExample.app */;
			productType = "com.apple.product-type.application";
		};
		BF59DB891D5EB5210035F80B /* 01_RunLoop相关类 */ = {
			isa = PBXNativeTarget;
			buildConfigurationList = BF59DB9E1D5EB5210035F80B /* Build configuration list for PBXNativeTarget "01_RunLoop相关类" */;
			buildPhases = (
				BF59DB861D5EB5210035F80B /* Sources */,
				BF59DB871D5EB5210035F80B /* Frameworks */,
				BF59DB881D5EB5210035F80B /* Resources */,
			);
			buildRules = (
			);
			dependencies = (
			);
			name = "01_RunLoop相关类";
			productName = "01_RunLoop相关类";
			productReference = BF59DB8A1D5EB5210035F80B /* 01_RunLoop相关类.app */;
			productType = "com.apple.product-type.application";
		};
		BF59DBA41D6056A00035F80B /* 02_GCD中的定时器 */ = {
			isa = PBXNativeTarget;
			buildConfigurationList = BF59DBB91D6056A00035F80B /* Build configuration list for PBXNativeTarget "02_GCD中的定时器" */;
			buildPhases = (
				BF59DBA11D6056A00035F80B /* Sources */,
				BF59DBA21D6056A00035F80B /* Frameworks */,
				BF59DBA31D6056A00035F80B /* Resources */,
			);
			buildRules = (
			);
			dependencies = (
			);
			name = "02_GCD中的定时器";
			productName = "02_GCD中的定时器";
			productReference = BF59DBA51D6056A00035F80B /* 02_GCD中的定时器.app */;
			productType = "com.apple.product-type.application";
		};
		BF59DBDA1D60584F0035F80B /* 03_source和Observer */ = {
			isa = PBXNativeTarget;
			buildConfigurationList = BF59DBF11D60584F0035F80B /* Build configuration list for PBXNativeTarget "03_source和Observer" */;
			buildPhases = (
				BF59DBD71D60584F0035F80B /* Sources */,
				BF59DBD81D60584F0035F80B /* Frameworks */,
				BF59DBD91D60584F0035F80B /* Resources */,
			);
			buildRules = (
			);
			dependencies = (
			);
			name = "03_source和Observer";
			productName = "03_source和Observer";
			productReference = BF59DBDB1D60584F0035F80B /* 03_source和Observer.app */;
			productType = "com.apple.product-type.application";
		};
		BF59DBF81D605C5B0035F80B /* 04_RunLoop线程保活 */ = {
			isa = PBXNativeTarget;
			buildConfigurationList = BF59DC0D1D605C5B0035F80B /* Build configuration list for PBXNativeTarget "04_RunLoop线程保活" */;
			buildPhases = (
				BF59DBF51D605C5B0035F80B /* Sources */,
				BF59DBF61D605C5B0035F80B /* Frameworks */,
				BF59DBF71D605C5B0035F80B /* Resources */,
			);
			buildRules = (
			);
			dependencies = (
			);
			name = "04_RunLoop线程保活";
			productName = "04_RunLoop线程保活";
			productReference = BF59DBF91D605C5B0035F80B /* 04_RunLoop线程保活.app */;
			productType = "com.apple.product-type.application";
		};
/* End PBXNativeTarget section */

/* Begin PBXProject section */
		BF59DB641D5EAEE50035F80B /* Project object */ = {
			isa = PBXProject;
			attributes = {
				LastUpgradeCheck = 0720;
				ORGANIZATIONNAME = Yuen;
				TargetAttributes = {
					BF59DB6B1D5EAEE50035F80B = {
						CreatedOnToolsVersion = 7.2.1;
					};
					BF59DB891D5EB5210035F80B = {
						CreatedOnToolsVersion = 7.2.1;
					};
					BF59DBA41D6056A00035F80B = {
						CreatedOnToolsVersion = 7.2.1;
					};
					BF59DBDA1D60584F0035F80B = {
						CreatedOnToolsVersion = 7.2.1;
					};
					BF59DBF81D605C5B0035F80B = {
						CreatedOnToolsVersion = 7.2.1;
					};
				};
			};
			buildConfigurationList = BF59DB671D5EAEE50035F80B /* Build configuration list for PBXProject "RunLoopExample" */;
			compatibilityVersion = "Xcode 3.2";
			developmentRegion = English;
			hasScannedForEncodings = 0;
			knownRegions = (
				en,
				Base,
			);
			mainGroup = BF59DB631D5EAEE50035F80B;
			productRefGroup = BF59DB6D1D5EAEE50035F80B /* Products */;
			projectDirPath = "";
			projectRoot = "";
			targets = (
				BF59DB6B1D5EAEE50035F80B /* RunLoopExample */,
				BF59DB891D5EB5210035F80B /* 01_RunLoop相关类 */,
				BF59DBA41D6056A00035F80B /* 02_GCD中的定时器 */,
				BF59DBDA1D60584F0035F80B /* 03_source和Observer */,
				BF59DBF81D605C5B0035F80B /* 04_RunLoop线程保活 */,
			);
		};
/* End PBXProject section */

/* Begin PBXResourcesBuildPhase section */
		BF59DB6A1D5EAEE50035F80B /* Resources */ = {
			isa = PBXResourcesBuildPhase;
			buildActionMask = 2147483647;
			files = (
				BF59DB7F1D5EAEE50035F80B /* LaunchScreen.storyboard in Resources */,
				BF59DB7C1D5EAEE50035F80B /* Assets.xcassets in Resources */,
				BF59DB7A1D5EAEE50035F80B /* Main.storyboard in Resources */,
			);
			runOnlyForDeploymentPostprocessing = 0;
		};
		BF59DB881D5EB5210035F80B /* Resources */ = {
			isa = PBXResourcesBuildPhase;
			buildActionMask = 2147483647;
			files = (
				BF59DB9C1D5EB5210035F80B /* LaunchScreen.storyboard in Resources */,
				BF59DB991D5EB5210035F80B /* Assets.xcassets in Resources */,
				BF59DB971D5EB5210035F80B /* Main.storyboard in Resources */,
			);
			runOnlyForDeploymentPostprocessing = 0;
		};
		BF59DBA31D6056A00035F80B /* Resources */ = {
			isa = PBXResourcesBuildPhase;
			buildActionMask = 2147483647;
			files = (
				BF59DBB71D6056A00035F80B /* LaunchScreen.storyboard in Resources */,
				BF59DBB41D6056A00035F80B /* Assets.xcassets in Resources */,
				BF59DBB21D6056A00035F80B /* Main.storyboard in Resources */,
			);
			runOnlyForDeploymentPostprocessing = 0;
		};
		BF59DBD91D60584F0035F80B /* Resources */ = {
			isa = PBXResourcesBuildPhase;
			buildActionMask = 2147483647;
			files = (
				BF59DBED1D60584F0035F80B /* LaunchScreen.storyboard in Resources */,
				BF59DBEA1D60584F0035F80B /* Assets.xcassets in Resources */,
				BF59DBE81D60584F0035F80B /* Main.storyboard in Resources */,
			);
			runOnlyForDeploymentPostprocessing = 0;
		};
		BF59DBF71D605C5B0035F80B /* Resources */ = {
			isa = PBXResourcesBuildPhase;
			buildActionMask = 2147483647;
			files = (
				BF59DC0B1D605C5B0035F80B /* LaunchScreen.storyboard in Resources */,
				BF59DC081D605C5B0035F80B /* Assets.xcassets in Resources */,
				BF59DC061D605C5B0035F80B /* Main.storyboard in Resources */,
			);
			runOnlyForDeploymentPostprocessing = 0;
		};
/* End PBXResourcesBuildPhase section */

/* Begin PBXSourcesBuildPhase section */
		BF59DB681D5EAEE50035F80B /* Sources */ = {
			isa = PBXSourcesBuildPhase;
			buildActionMask = 2147483647;
			files = (
				BF59DB771D5EAEE50035F80B /* ViewController.m in Sources */,
				BF59DB741D5EAEE50035F80B /* AppDelegate.m in Sources */,
				BF59DB711D5EAEE50035F80B /* main.m in Sources */,
			);
			runOnlyForDeploymentPostprocessing = 0;
		};
		BF59DB861D5EB5210035F80B /* Sources */ = {
			isa = PBXSourcesBuildPhase;
			buildActionMask = 2147483647;
			files = (
				BF59DB941D5EB5210035F80B /* ViewController.m in Sources */,
				BF59DB911D5EB5210035F80B /* AppDelegate.m in Sources */,
				BF59DB8E1D5EB5210035F80B /* main.m in Sources */,
			);
			runOnlyForDeploymentPostprocessing = 0;
		};
		BF59DBA11D6056A00035F80B /* Sources */ = {
			isa = PBXSourcesBuildPhase;
			buildActionMask = 2147483647;
			files = (
				BF59DBAF1D6056A00035F80B /* ViewController.m in Sources */,
				BF59DBAC1D6056A00035F80B /* AppDelegate.m in Sources */,
				BF59DBA91D6056A00035F80B /* main.m in Sources */,
			);
			runOnlyForDeploymentPostprocessing = 0;
		};
		BF59DBD71D60584F0035F80B /* Sources */ = {
			isa = PBXSourcesBuildPhase;
			buildActionMask = 2147483647;
			files = (
				BF59DBE51D60584F0035F80B /* ViewController.m in Sources */,
				BF59DBE21D60584F0035F80B /* AppDelegate.m in Sources */,
				BF59DBDF1D60584F0035F80B /* main.m in Sources */,
			);
			runOnlyForDeploymentPostprocessing = 0;
		};
		BF59DBF51D605C5B0035F80B /* Sources */ = {
			isa = PBXSourcesBuildPhase;
			buildActionMask = 2147483647;
			files = (
				BF59DC031D605C5B0035F80B /* ViewController.m in Sources */,
				BF59DC001D605C5B0035F80B /* AppDelegate.m in Sources */,
				BF59DBFD1D605C5B0035F80B /* main.m in Sources */,
			);
			runOnlyForDeploymentPostprocessing = 0;
		};
/* End PBXSourcesBuildPhase section */

/* Begin PBXVariantGroup section */
		BF59DB781D5EAEE50035F80B /* Main.storyboard */ = {
			isa = PBXVariantGroup;
			children = (
				BF59DB791D5EAEE50035F80B /* Base */,
			);
			name = Main.storyboard;
			sourceTree = "<group>";
		};
		BF59DB7D1D5EAEE50035F80B /* LaunchScreen.storyboard */ = {
			isa = PBXVariantGroup;
			children = (
				BF59DB7E1D5EAEE50035F80B /* Base */,
			);
			name = LaunchScreen.storyboard;
			sourceTree = "<group>";
		};
		BF59DB951D5EB5210035F80B /* Main.storyboard */ = {
			isa = PBXVariantGroup;
			children = (
				BF59DB961D5EB5210035F80B /* Base */,
			);
			name = Main.storyboard;
			sourceTree = "<group>";
		};
		BF59DB9A1D5EB5210035F80B /* LaunchScreen.storyboard */ = {
			isa = PBXVariantGroup;
			children = (
				BF59DB9B1D5EB5210035F80B /* Base */,
			);
			name = LaunchScreen.storyboard;
			sourceTree = "<group>";
		};
		BF59DBB01D6056A00035F80B /* Main.storyboard */ = {
			isa = PBXVariantGroup;
			children = (
				BF59DBB11D6056A00035F80B /* Base */,
			);
			name = Main.storyboard;
			sourceTree = "<group>";
		};
		BF59DBB51D6056A00035F80B /* LaunchScreen.storyboard */ = {
			isa = PBXVariantGroup;
			children = (
				BF59DBB61D6056A00035F80B /* Base */,
			);
			name = LaunchScreen.storyboard;
			sourceTree = "<group>";
		};
		BF59DBE61D60584F0035F80B /* Main.storyboard */ = {
			isa = PBXVariantGroup;
			children = (
				BF59DBE71D60584F0035F80B /* Base */,
			);
			name = Main.storyboard;
			sourceTree = "<group>";
		};
		BF59DBEB1D60584F0035F80B /* LaunchScreen.storyboard */ = {
			isa = PBXVariantGroup;
			children = (
				BF59DBEC1D60584F0035F80B /* Base */,
			);
			name = LaunchScreen.storyboard;
			sourceTree = "<group>";
		};
		BF59DC041D605C5B0035F80B /* Main.storyboard */ = {
			isa = PBXVariantGroup;
			children = (
				BF59DC051D605C5B0035F80B /* Base */,
			);
			name = Main.storyboard;
			sourceTree = "<group>";
		};
		BF59DC091D605C5B0035F80B /* LaunchScreen.storyboard */ = {
			isa = PBXVariantGroup;
			children = (
				BF59DC0A1D605C5B0035F80B /* Base */,
			);
			name = LaunchScreen.storyboard;
			sourceTree = "<group>";
		};
/* End PBXVariantGroup section */

/* Begin XCBuildConfiguration section */
		BF59DB811D5EAEE50035F80B /* Debug */ = {
			isa = XCBuildConfiguration;
			buildSettings = {
				ALWAYS_SEARCH_USER_PATHS = NO;
				CLANG_CXX_LANGUAGE_STANDARD = "gnu++0x";
				CLANG_CXX_LIBRARY = "libc++";
				CLANG_ENABLE_MODULES = YES;
				CLANG_ENABLE_OBJC_ARC = YES;
				CLANG_WARN_BOOL_CONVERSION = YES;
				CLANG_WARN_CONSTANT_CONVERSION = YES;
				CLANG_WARN_DIRECT_OBJC_ISA_USAGE = YES_ERROR;
				CLANG_WARN_EMPTY_BODY = YES;
				CLANG_WARN_ENUM_CONVERSION = YES;
				CLANG_WARN_INT_CONVERSION = YES;
				CLANG_WARN_OBJC_ROOT_CLASS = YES_ERROR;
				CLANG_WARN_UNREACHABLE_CODE = YES;
				CLANG_WARN__DUPLICATE_METHOD_MATCH = YES;
				"CODE_SIGN_IDENTITY[sdk=iphoneos*]" = "iPhone Developer";
				COPY_PHASE_STRIP = NO;
				DEBUG_INFORMATION_FORMAT = dwarf;
				ENABLE_STRICT_OBJC_MSGSEND = YES;
				ENABLE_TESTABILITY = YES;
				GCC_C_LANGUAGE_STANDARD = gnu99;
				GCC_DYNAMIC_NO_PIC = NO;
				GCC_NO_COMMON_BLOCKS = YES;
				GCC_OPTIMIZATION_LEVEL = 0;
				GCC_PREPROCESSOR_DEFINITIONS = (
					"DEBUG=1",
					"$(inherited)",
				);
				GCC_WARN_64_TO_32_BIT_CONVERSION = YES;
				GCC_WARN_ABOUT_RETURN_TYPE = YES_ERROR;
				GCC_WARN_UNDECLARED_SELECTOR = YES;
				GCC_WARN_UNINITIALIZED_AUTOS = YES_AGGRESSIVE;
				GCC_WARN_UNUSED_FUNCTION = YES;
				GCC_WARN_UNUSED_VARIABLE = YES;
				IPHONEOS_DEPLOYMENT_TARGET = 9.2;
				MTL_ENABLE_DEBUG_INFO = YES;
				ONLY_ACTIVE_ARCH = YES;
				SDKROOT = iphoneos;
			};
			name = Debug;
		};
		BF59DB821D5EAEE50035F80B /* Release */ = {
			isa = XCBuildConfiguration;
			buildSettings = {
				ALWAYS_SEARCH_USER_PATHS = NO;
				CLANG_CXX_LANGUAGE_STANDARD = "gnu++0x";
				CLANG_CXX_LIBRARY = "libc++";
				CLANG_ENABLE_MODULES = YES;
				CLANG_ENABLE_OBJC_ARC = YES;
				CLANG_WARN_BOOL_CONVERSION = YES;
				CLANG_WARN_CONSTANT_CONVERSION = YES;
				CLANG_WARN_DIRECT_OBJC_ISA_USAGE = YES_ERROR;
				CLANG_WARN_EMPTY_BODY = YES;
				CLANG_WARN_ENUM_CONVERSION = YES;
				CLANG_WARN_INT_CONVERSION = YES;
				CLANG_WARN_OBJC_ROOT_CLASS = YES_ERROR;
				CLANG_WARN_UNREACHABLE_CODE = YES;
				CLANG_WARN__DUPLICATE_METHOD_MATCH = YES;
				"CODE_SIGN_IDENTITY[sdk=iphoneos*]" = "iPhone Developer";
				COPY_PHASE_STRIP = NO;
				DEBUG_INFORMATION_FORMAT = "dwarf-with-dsym";
				ENABLE_NS_ASSERTIONS = NO;
				ENABLE_STRICT_OBJC_MSGSEND = YES;
				GCC_C_LANGUAGE_STANDARD = gnu99;
				GCC_NO_COMMON_BLOCKS = YES;
				GCC_WARN_64_TO_32_BIT_CONVERSION = YES;
				GCC_WARN_ABOUT_RETURN_TYPE = YES_ERROR;
				GCC_WARN_UNDECLARED_SELECTOR = YES;
				GCC_WARN_UNINITIALIZED_AUTOS = YES_AGGRESSIVE;
				GCC_WARN_UNUSED_FUNCTION = YES;
				GCC_WARN_UNUSED_VARIABLE = YES;
				IPHONEOS_DEPLOYMENT_TARGET = 9.2;
				MTL_ENABLE_DEBUG_INFO = NO;
				SDKROOT = iphoneos;
				VALIDATE_PRODUCT = YES;
			};
			name = Release;
		};
		BF59DB841D5EAEE50035F80B /* Debug */ = {
			isa = XCBuildConfiguration;
			buildSettings = {
				ASSETCATALOG_COMPILER_APPICON_NAME = AppIcon;
				INFOPLIST_FILE = RunLoopExample/Info.plist;
				LD_RUNPATH_SEARCH_PATHS = "$(inherited) @executable_path/Frameworks";
				PRODUCT_BUNDLE_IDENTIFIER = com.Yuen.RunLoopExample;
				PRODUCT_NAME = "$(TARGET_NAME)";
			};
			name = Debug;
		};
		BF59DB851D5EAEE50035F80B /* Release */ = {
			isa = XCBuildConfiguration;
			buildSettings = {
				ASSETCATALOG_COMPILER_APPICON_NAME = AppIcon;
				INFOPLIST_FILE = RunLoopExample/Info.plist;
				LD_RUNPATH_SEARCH_PATHS = "$(inherited) @executable_path/Frameworks";
				PRODUCT_BUNDLE_IDENTIFIER = com.Yuen.RunLoopExample;
				PRODUCT_NAME = "$(TARGET_NAME)";
			};
			name = Release;
		};
		BF59DB9F1D5EB5210035F80B /* Debug */ = {
			isa = XCBuildConfiguration;
			buildSettings = {
				ASSETCATALOG_COMPILER_APPICON_NAME = AppIcon;
				INFOPLIST_FILE = "01_RunLoop相关类/Info.plist";
				LD_RUNPATH_SEARCH_PATHS = "$(inherited) @executable_path/Frameworks";
				PRODUCT_BUNDLE_IDENTIFIER = "com.Yuen.-1-RunLoop---";
				PRODUCT_NAME = "$(TARGET_NAME)";
			};
			name = Debug;
		};
		BF59DBA01D5EB5210035F80B /* Release */ = {
			isa = XCBuildConfiguration;
			buildSettings = {
				ASSETCATALOG_COMPILER_APPICON_NAME = AppIcon;
				INFOPLIST_FILE = "01_RunLoop相关类/Info.plist";
				LD_RUNPATH_SEARCH_PATHS = "$(inherited) @executable_path/Frameworks";
				PRODUCT_BUNDLE_IDENTIFIER = "com.Yuen.-1-RunLoop---";
				PRODUCT_NAME = "$(TARGET_NAME)";
			};
			name = Release;
		};
		BF59DBBA1D6056A00035F80B /* Debug */ = {
			isa = XCBuildConfiguration;
			buildSettings = {
				ASSETCATALOG_COMPILER_APPICON_NAME = AppIcon;
				INFOPLIST_FILE = "02_GCD中的定时器/Info.plist";
				LD_RUNPATH_SEARCH_PATHS = "$(inherited) @executable_path/Frameworks";
				PRODUCT_BUNDLE_IDENTIFIER = "com.Yuen.-2-GCD-----";
				PRODUCT_NAME = "$(TARGET_NAME)";
			};
			name = Debug;
		};
		BF59DBBB1D6056A00035F80B /* Release */ = {
			isa = XCBuildConfiguration;
			buildSettings = {
				ASSETCATALOG_COMPILER_APPICON_NAME = AppIcon;
				INFOPLIST_FILE = "02_GCD中的定时器/Info.plist";
				LD_RUNPATH_SEARCH_PATHS = "$(inherited) @executable_path/Frameworks";
				PRODUCT_BUNDLE_IDENTIFIER = "com.Yuen.-2-GCD-----";
				PRODUCT_NAME = "$(TARGET_NAME)";
			};
			name = Release;
		};
		BF59DBEF1D60584F0035F80B /* Debug */ = {
			isa = XCBuildConfiguration;
			buildSettings = {
				ASSETCATALOG_COMPILER_APPICON_NAME = AppIcon;
				INFOPLIST_FILE = "03_source和Observer/Info.plist";
				LD_RUNPATH_SEARCH_PATHS = "$(inherited) @executable_path/Frameworks";
				PRODUCT_BUNDLE_IDENTIFIER = "com.Yuen.-3-source-Observer";
				PRODUCT_NAME = "$(TARGET_NAME)";
			};
			name = Debug;
		};
		BF59DBF01D60584F0035F80B /* Release */ = {
			isa = XCBuildConfiguration;
			buildSettings = {
				ASSETCATALOG_COMPILER_APPICON_NAME = AppIcon;
				INFOPLIST_FILE = "03_source和Observer/Info.plist";
				LD_RUNPATH_SEARCH_PATHS = "$(inherited) @executable_path/Frameworks";
				PRODUCT_BUNDLE_IDENTIFIER = "com.Yuen.-3-source-Observer";
				PRODUCT_NAME = "$(TARGET_NAME)";
			};
			name = Release;
		};
		BF59DC0E1D605C5B0035F80B /* Debug */ = {
			isa = XCBuildConfiguration;
			buildSettings = {
				ASSETCATALOG_COMPILER_APPICON_NAME = AppIcon;
				INFOPLIST_FILE = "04_RunLoop线程保活/Info.plist";
				LD_RUNPATH_SEARCH_PATHS = "$(inherited) @executable_path/Frameworks";
				PRODUCT_BUNDLE_IDENTIFIER = "com.Yuen.-4-RunLoop----";
				PRODUCT_NAME = "$(TARGET_NAME)";
			};
			name = Debug;
		};
		BF59DC0F1D605C5B0035F80B /* Release */ = {
			isa = XCBuildConfiguration;
			buildSettings = {
				ASSETCATALOG_COMPILER_APPICON_NAME = AppIcon;
				INFOPLIST_FILE = "04_RunLoop线程保活/Info.plist";
				LD_RUNPATH_SEARCH_PATHS = "$(inherited) @executable_path/Frameworks";
				PRODUCT_BUNDLE_IDENTIFIER = "com.Yuen.-4-RunLoop----";
				PRODUCT_NAME = "$(TARGET_NAME)";
			};
			name = Release;
		};
/* End XCBuildConfiguration section */

/* Begin XCConfigurationList section */
		BF59DB671D5EAEE50035F80B /* Build configuration list for PBXProject "RunLoopExample" */ = {
			isa = XCConfigurationList;
			buildConfigurations = (
				BF59DB811D5EAEE50035F80B /* Debug */,
				BF59DB821D5EAEE50035F80B /* Release */,
			);
			defaultConfigurationIsVisible = 0;
			defaultConfigurationName = Release;
		};
		BF59DB831D5EAEE50035F80B /* Build configuration list for PBXNativeTarget "RunLoopExample" */ = {
			isa = XCConfigurationList;
			buildConfigurations = (
				BF59DB841D5EAEE50035F80B /* Debug */,
				BF59DB851D5EAEE50035F80B /* Release */,
			);
			defaultConfigurationIsVisible = 0;
			defaultConfigurationName = Release;
		};
		BF59DB9E1D5EB5210035F80B /* Build configuration list for PBXNativeTarget "01_RunLoop相关类" */ = {
			isa = XCConfigurationList;
			buildConfigurations = (
				BF59DB9F1D5EB5210035F80B /* Debug */,
				BF59DBA01D5EB5210035F80B /* Release */,
			);
			defaultConfigurationIsVisible = 0;
			defaultConfigurationName = Release;
		};
		BF59DBB91D6056A00035F80B /* Build configuration list for PBXNativeTarget "02_GCD中的定时器" */ = {
			isa = XCConfigurationList;
			buildConfigurations = (
				BF59DBBA1D6056A00035F80B /* Debug */,
				BF59DBBB1D6056A00035F80B /* Release */,
			);
			defaultConfigurationIsVisible = 0;
			defaultConfigurationName = Release;
		};
		BF59DBF11D60584F0035F80B /* Build configuration list for PBXNativeTarget "03_source和Observer" */ = {
			isa = XCConfigurationList;
			buildConfigurations = (
				BF59DBEF1D60584F0035F80B /* Debug */,
				BF59DBF01D60584F0035F80B /* Release */,
			);
			defaultConfigurationIsVisible = 0;
			defaultConfigurationName = Release;
		};
		BF59DC0D1D605C5B0035F80B /* Build configuration list for PBXNativeTarget "04_RunLoop线程保活" */ = {
			isa = XCConfigurationList;
			buildConfigurations = (
				BF59DC0E1D605C5B0035F80B /* Debug */,
				BF59DC0F1D605C5B0035F80B /* Release */,
			);
			defaultConfigurationIsVisible = 0;
		};
/* End XCConfigurationList section */
	};
	rootObject = BF59DB641D5EAEE50035F80B /* Project object */;
}
